
Microsoft Visual Studio Solution File, Format Version 12.00
# Visual Studio Version 16
VisualStudioVersion = 16.0.31424.327
MinimumVisualStudioVersion = 10.0.40219.1
Project("{FAE04EC0-301F-11D3-BF4B-00C04F79EFBC}") = "Stock Income Assistant", "Stock Income Assistant\Stock Income Assistant.csproj", "{A58EB39C-C76F-4F7E-929D-9F81BC5DBBBB}"
EndProject
Global
	GlobalSection(SolutionConfigurationPlatforms) = preSolution
		Debug|Any CPU = Debug|Any CPU
		Release|Any CPU = Release|Any CPU
	EndGlobalSection
	GlobalSection(ProjectConfigurationPlatforms) = postSolution
		{A58EB39C-C76F-4F7E-929D-9F81BC5DBBBB}.Debug|Any CPU.ActiveCfg = Debug|Any CPU
		{A58EB39C-C76F-4F7E-929D-9F81BC5DBBBB}.Debug|Any CPU.Build.0 = Debug|Any CPU
		{A58EB39C-C76F-4F7E-929D-9F81BC5DBBBB}.Release|Any CPU.ActiveCfg = Release|Any CPU
		{A58EB39C-C76F-4F7E-929D-9F81BC5DBBBB}.Release|Any CPU.Build.0 = Release|Any CPU
	EndGlobalSection
	GlobalSection(SolutionProperties) = preSolution
		HideSolutionNode = FALSE
	EndGlobalSection
	GlobalSection(ExtensibilityGlobals) = postSolution
		SolutionGuid = {913452EE-66EC-4927-88BF-9CE5F10CBC4B}
	EndGlobalSection
EndGlobal
